
Microsoft Visual Studio Solution File, Format Version 12.00
# Visual Studio Version 16
VisualStudioVersion = 16.0.30114.105
MinimumVisualStudioVersion = 10.0.40219.1
Project("{2150E333-8FDC-42A3-9474-1A3956D46DE8}") = "devops", "devops", "{6C8190D1-1BC3-4441-B541-C197D0D3B516}"
EndProject
Project("{FAE04EC0-301F-11D3-BF4B-00C04F79EFBC}") = "Kubernetes", "devops\Kubernetes\Kubernetes.csproj", "{CAB41318-AD8F-4E9A-A5B2-4E8C630BFCEB}"
EndProject
Project("{FAE04EC0-301F-11D3-BF4B-00C04F79EFBC}") = "Docker", "devops\Docker\Docker.csproj", "{5ADCFDD1-C26B-43ED-B007-713FBAA5214D}"
EndProject
Project("{2150E333-8FDC-42A3-9474-1A3956D46DE8}") = "src", "src", "{C70CEA0E-2D7F-4417-BF13-A14111E0924C}"
EndProject
Project("{2150E333-8FDC-42A3-9474-1A3956D46DE8}") = "core", "core", "{2C34A5BD-C8DF-4ADF-95D8-914991172D53}"
EndProject
Project("{FAE04EC0-301F-11D3-BF4B-00C04F79EFBC}") = "Domain", "src\core\Domain\Domain.csproj", "{7971B452-5166-4DB1-AE0F-967C544986BA}"
EndProject
Project("{FAE04EC0-301F-11D3-BF4B-00C04F79EFBC}") = "Application", "src\core\Application\Application.csproj", "{4F54B579-3B17-4A55-A051-45BC372C5613}"
EndProject
Project("{FAE04EC0-301F-11D3-BF4B-00C04F79EFBC}") = "Infrastructure", "src\Infrastructure\Infrastructure.csproj", "{0A0DDF6B-B68A-4973-9BBC-0092D8A7F515}"
EndProject
Project("{2150E333-8FDC-42A3-9474-1A3956D46DE8}") = "shared", "shared", "{8B953413-6361-408B-8299-30E0F2EE8F49}"
EndProject
Project("{FAE04EC0-301F-11D3-BF4B-00C04F79EFBC}") = "GeneralUtils", "src\shared\GeneralUtils\GeneralUtils.csproj", "{8E3564D4-DB44-4EB4-AA94-DBB3B052BCB5}"
EndProject
Project("{2150E333-8FDC-42A3-9474-1A3956D46DE8}") = "remote", "remote", "{59A0CD5E-94D8-4F69-BAD8-7B3C282C5A68}"
EndProject
Project("{2150E333-8FDC-42A3-9474-1A3956D46DE8}") = "servers", "servers", "{88586C10-07AC-46DE-A420-7E97ED394EC8}"
EndProject
Project("{FAE04EC0-301F-11D3-BF4B-00C04F79EFBC}") = "gRPC", "src\remote\servers\gRPC\gRPC.csproj", "{F6215284-353C-4D62-9A30-466B09132805}"
EndProject
Project("{FAE04EC0-301F-11D3-BF4B-00C04F79EFBC}") = "WebSockets", "src\remote\servers\WebSockets\WebSockets.csproj", "{96D49C4D-D450-4EC0-8C44-91A3183FFD11}"
EndProject
Project("{2150E333-8FDC-42A3-9474-1A3956D46DE8}") = "tests", "tests", "{223AFB7C-CE24-4663-A58D-6D4F4AF43B6F}"
EndProject
Project("{FAE04EC0-301F-11D3-BF4B-00C04F79EFBC}") = "RestTest", "tests\RestTest\RestTest.csproj", "{BC4C94D5-CA7F-4651-B1B7-610AFA3FC505}"
EndProject
Project("{2150E333-8FDC-42A3-9474-1A3956D46DE8}") = "rest", "rest", "{FE961E98-8376-48AA-A8F2-B31FA9162DB4}"
EndProject
Project("{FAE04EC0-301F-11D3-BF4B-00C04F79EFBC}") = "Api", "src\rest\Api\Api.csproj", "{610C27D5-2C30-4F4E-B36A-A04C6E451620}"
EndProject
Global
	GlobalSection(SolutionConfigurationPlatforms) = preSolution
		Debug|Any CPU = Debug|Any CPU
		Debug|x64 = Debug|x64
		Debug|x86 = Debug|x86
		Release|Any CPU = Release|Any CPU
		Release|x64 = Release|x64
		Release|x86 = Release|x86
	EndGlobalSection
	GlobalSection(SolutionProperties) = preSolution
		HideSolutionNode = FALSE
	EndGlobalSection
	GlobalSection(ProjectConfigurationPlatforms) = postSolution
		{CAB41318-AD8F-4E9A-A5B2-4E8C630BFCEB}.Debug|Any CPU.ActiveCfg = Debug|Any CPU
		{CAB41318-AD8F-4E9A-A5B2-4E8C630BFCEB}.Debug|Any CPU.Build.0 = Debug|Any CPU
		{CAB41318-AD8F-4E9A-A5B2-4E8C630BFCEB}.Debug|x64.ActiveCfg = Debug|Any CPU
		{CAB41318-AD8F-4E9A-A5B2-4E8C630BFCEB}.Debug|x64.Build.0 = Debug|Any CPU
		{CAB41318-AD8F-4E9A-A5B2-4E8C630BFCEB}.Debug|x86.ActiveCfg = Debug|Any CPU
		{CAB41318-AD8F-4E9A-A5B2-4E8C630BFCEB}.Debug|x86.Build.0 = Debug|Any CPU
		{CAB41318-AD8F-4E9A-A5B2-4E8C630BFCEB}.Release|Any CPU.ActiveCfg = Release|Any CPU
		{CAB41318-AD8F-4E9A-A5B2-4E8C630BFCEB}.Release|Any CPU.Build.0 = Release|Any CPU
		{CAB41318-AD8F-4E9A-A5B2-4E8C630BFCEB}.Release|x64.ActiveCfg = Release|Any CPU
		{CAB41318-AD8F-4E9A-A5B2-4E8C630BFCEB}.Release|x64.Build.0 = Release|Any CPU
		{CAB41318-AD8F-4E9A-A5B2-4E8C630BFCEB}.Release|x86.ActiveCfg = Release|Any CPU
		{CAB41318-AD8F-4E9A-A5B2-4E8C630BFCEB}.Release|x86.Build.0 = Release|Any CPU
		{5ADCFDD1-C26B-43ED-B007-713FBAA5214D}.Debug|Any CPU.ActiveCfg = Debug|Any CPU
		{5ADCFDD1-C26B-43ED-B007-713FBAA5214D}.Debug|Any CPU.Build.0 = Debug|Any CPU
		{5ADCFDD1-C26B-43ED-B007-713FBAA5214D}.Debug|x64.ActiveCfg = Debug|Any CPU
		{5ADCFDD1-C26B-43ED-B007-713FBAA5214D}.Debug|x64.Build.0 = Debug|Any CPU
		{5ADCFDD1-C26B-43ED-B007-713FBAA5214D}.Debug|x86.ActiveCfg = Debug|Any CPU
		{5ADCFDD1-C26B-43ED-B007-713FBAA5214D}.Debug|x86.Build.0 = Debug|Any CPU
		{5ADCFDD1-C26B-43ED-B007-713FBAA5214D}.Release|Any CPU.ActiveCfg = Release|Any CPU
		{5ADCFDD1-C26B-43ED-B007-713FBAA5214D}.Release|Any CPU.Build.0 = Release|Any CPU
		{5ADCFDD1-C26B-43ED-B007-713FBAA5214D}.Release|x64.ActiveCfg = Release|Any CPU
		{5ADCFDD1-C26B-43ED-B007-713FBAA5214D}.Release|x64.Build.0 = Release|Any CPU
		{5ADCFDD1-C26B-43ED-B007-713FBAA5214D}.Release|x86.ActiveCfg = Release|Any CPU
		{5ADCFDD1-C26B-43ED-B007-713FBAA5214D}.Release|x86.Build.0 = Release|Any CPU
		{7971B452-5166-4DB1-AE0F-967C544986BA}.Debug|Any CPU.ActiveCfg = Debug|Any CPU
		{7971B452-5166-4DB1-AE0F-967C544986BA}.Debug|Any CPU.Build.0 = Debug|Any CPU
		{7971B452-5166-4DB1-AE0F-967C544986BA}.Debug|x64.ActiveCfg = Debug|Any CPU
		{7971B452-5166-4DB1-AE0F-967C544986BA}.Debug|x64.Build.0 = Debug|Any CPU
		{7971B452-5166-4DB1-AE0F-967C544986BA}.Debug|x86.ActiveCfg = Debug|Any CPU
		{7971B452-5166-4DB1-AE0F-967C544986BA}.Debug|x86.Build.0 = Debug|Any CPU
		{7971B452-5166-4DB1-AE0F-967C544986BA}.Release|Any CPU.ActiveCfg = Release|Any CPU
		{7971B452-5166-4DB1-AE0F-967C544986BA}.Release|Any CPU.Build.0 = Release|Any CPU
		{7971B452-5166-4DB1-AE0F-967C544986BA}.Release|x64.ActiveCfg = Release|Any CPU
		{7971B452-5166-4DB1-AE0F-967C544986BA}.Release|x64.Build.0 = Release|Any CPU
		{7971B452-5166-4DB1-AE0F-967C544986BA}.Release|x86.ActiveCfg = Release|Any CPU
		{7971B452-5166-4DB1-AE0F-967C544986BA}.Release|x86.Build.0 = Release|Any CPU
		{4F54B579-3B17-4A55-A051-45BC372C5613}.Debug|Any CPU.ActiveCfg = Debug|Any CPU
		{4F54B579-3B17-4A55-A051-45BC372C5613}.Debug|Any CPU.Build.0 = Debug|Any CPU
		{4F54B579-3B17-4A55-A051-45BC372C5613}.Debug|x64.ActiveCfg = Debug|Any CPU
		{4F54B579-3B17-4A55-A051-45BC372C5613}.Debug|x64.Build.0 = Debug|Any CPU
		{4F54B579-3B17-4A55-A051-45BC372C5613}.Debug|x86.ActiveCfg = Debug|Any CPU
		{4F54B579-3B17-4A55-A051-45BC372C5613}.Debug|x86.Build.0 = Debug|Any CPU
		{4F54B579-3B17-4A55-A051-45BC372C5613}.Release|Any CPU.ActiveCfg = Release|Any CPU
		{4F54B579-3B17-4A55-A051-45BC372C5613}.Release|Any CPU.Build.0 = Release|Any CPU
		{4F54B579-3B17-4A55-A051-45BC372C5613}.Release|x64.ActiveCfg = Release|Any CPU
		{4F54B579-3B17-4A55-A051-45BC372C5613}.Release|x64.Build.0 = Release|Any CPU
		{4F54B579-3B17-4A55-A051-45BC372C5613}.Release|x86.ActiveCfg = Release|Any CPU
		{4F54B579-3B17-4A55-A051-45BC372C5613}.Release|x86.Build.0 = Release|Any CPU
		{0A0DDF6B-B68A-4973-9BBC-0092D8A7F515}.Debug|Any CPU.ActiveCfg = Debug|Any CPU
		{0A0DDF6B-B68A-4973-9BBC-0092D8A7F515}.Debug|Any CPU.Build.0 = Debug|Any CPU
		{0A0DDF6B-B68A-4973-9BBC-0092D8A7F515}.Debug|x64.ActiveCfg = Debug|Any CPU
		{0A0DDF6B-B68A-4973-9BBC-0092D8A7F515}.Debug|x64.Build.0 = Debug|Any CPU
		{0A0DDF6B-B68A-4973-9BBC-0092D8A7F515}.Debug|x86.ActiveCfg = Debug|Any CPU
		{0A0DDF6B-B68A-4973-9BBC-0092D8A7F515}.Debug|x86.Build.0 = Debug|Any CPU
		{0A0DDF6B-B68A-4973-9BBC-0092D8A7F515}.Release|Any CPU.ActiveCfg = Release|Any CPU
		{0A0DDF6B-B68A-4973-9BBC-0092D8A7F515}.Release|Any CPU.Build.0 = Release|Any CPU
		{0A0DDF6B-B68A-4973-9BBC-0092D8A7F515}.Release|x64.ActiveCfg = Release|Any CPU
		{0A0DDF6B-B68A-4973-9BBC-0092D8A7F515}.Release|x64.Build.0 = Release|Any CPU
		{0A0DDF6B-B68A-4973-9BBC-0092D8A7F515}.Release|x86.ActiveCfg = Release|Any CPU
		{0A0DDF6B-B68A-4973-9BBC-0092D8A7F515}.Release|x86.Build.0 = Release|Any CPU
		{8E3564D4-DB44-4EB4-AA94-DBB3B052BCB5}.Debug|Any CPU.ActiveCfg = Debug|Any CPU
		{8E3564D4-DB44-4EB4-AA94-DBB3B052BCB5}.Debug|Any CPU.Build.0 = Debug|Any CPU
		{8E3564D4-DB44-4EB4-AA94-DBB3B052BCB5}.Debug|x64.ActiveCfg = Debug|Any CPU
		{8E3564D4-DB44-4EB4-AA94-DBB3B052BCB5}.Debug|x64.Build.0 = Debug|Any CPU
		{8E3564D4-DB44-4EB4-AA94-DBB3B052BCB5}.Debug|x86.ActiveCfg = Debug|Any CPU
		{8E3564D4-DB44-4EB4-AA94-DBB3B052BCB5}.Debug|x86.Build.0 = Debug|Any CPU
		{8E3564D4-DB44-4EB4-AA94-DBB3B052BCB5}.Release|Any CPU.ActiveCfg = Release|Any CPU
		{8E3564D4-DB44-4EB4-AA94-DBB3B052BCB5}.Release|Any CPU.Build.0 = Release|Any CPU
		{8E3564D4-DB44-4EB4-AA94-DBB3B052BCB5}.Release|x64.ActiveCfg = Release|Any CPU
		{8E3564D4-DB44-4EB4-AA94-DBB3B052BCB5}.Release|x64.Build.0 = Release|Any CPU
		{8E3564D4-DB44-4EB4-AA94-DBB3B052BCB5}.Release|x86.ActiveCfg = Release|Any CPU
		{8E3564D4-DB44-4EB4-AA94-DBB3B052BCB5}.Release|x86.Build.0 = Release|Any CPU
		{F6215284-353C-4D62-9A30-466B09132805}.Debug|Any CPU.ActiveCfg = Debug|Any CPU
		{F6215284-353C-4D62-9A30-466B09132805}.Debug|Any CPU.Build.0 = Debug|Any CPU
		{F6215284-353C-4D62-9A30-466B09132805}.Debug|x64.ActiveCfg = Debug|Any CPU
		{F6215284-353C-4D62-9A30-466B09132805}.Debug|x64.Build.0 = Debug|Any CPU
		{F6215284-353C-4D62-9A30-466B09132805}.Debug|x86.ActiveCfg = Debug|Any CPU
		{F6215284-353C-4D62-9A30-466B09132805}.Debug|x86.Build.0 = Debug|Any CPU
		{F6215284-353C-4D62-9A30-466B09132805}.Release|Any CPU.ActiveCfg = Release|Any CPU
		{F6215284-353C-4D62-9A30-466B09132805}.Release|Any CPU.Build.0 = Release|Any CPU
		{F6215284-353C-4D62-9A30-466B09132805}.Release|x64.ActiveCfg = Release|Any CPU
		{F6215284-353C-4D62-9A30-466B09132805}.Release|x64.Build.0 = Release|Any CPU
		{F6215284-353C-4D62-9A30-466B09132805}.Release|x86.ActiveCfg = Release|Any CPU
		{F6215284-353C-4D62-9A30-466B09132805}.Release|x86.Build.0 = Release|Any CPU
		{96D49C4D-D450-4EC0-8C44-91A3183FFD11}.Debug|Any CPU.ActiveCfg = Debug|Any CPU
		{96D49C4D-D450-4EC0-8C44-91A3183FFD11}.Debug|Any CPU.Build.0 = Debug|Any CPU
		{96D49C4D-D450-4EC0-8C44-91A3183FFD11}.Debug|x64.ActiveCfg = Debug|Any CPU
		{96D49C4D-D450-4EC0-8C44-91A3183FFD11}.Debug|x64.Build.0 = Debug|Any CPU
		{96D49C4D-D450-4EC0-8C44-91A3183FFD11}.Debug|x86.ActiveCfg = Debug|Any CPU
		{96D49C4D-D450-4EC0-8C44-91A3183FFD11}.Debug|x86.Build.0 = Debug|Any CPU
		{96D49C4D-D450-4EC0-8C44-91A3183FFD11}.Release|Any CPU.ActiveCfg = Release|Any CPU
		{96D49C4D-D450-4EC0-8C44-91A3183FFD11}.Release|Any CPU.Build.0 = Release|Any CPU
		{96D49C4D-D450-4EC0-8C44-91A3183FFD11}.Release|x64.ActiveCfg = Release|Any CPU
		{96D49C4D-D450-4EC0-8C44-91A3183FFD11}.Release|x64.Build.0 = Release|Any CPU
		{96D49C4D-D450-4EC0-8C44-91A3183FFD11}.Release|x86.ActiveCfg = Release|Any CPU
		{96D49C4D-D450-4EC0-8C44-91A3183FFD11}.Release|x86.Build.0 = Release|Any CPU
		{BC4C94D5-CA7F-4651-B1B7-610AFA3FC505}.Debug|Any CPU.ActiveCfg = Debug|Any CPU
		{BC4C94D5-CA7F-4651-B1B7-610AFA3FC505}.Debug|Any CPU.Build.0 = Debug|Any CPU
		{BC4C94D5-CA7F-4651-B1B7-610AFA3FC505}.Debug|x64.ActiveCfg = Debug|Any CPU
		{BC4C94D5-CA7F-4651-B1B7-610AFA3FC505}.Debug|x64.Build.0 = Debug|Any CPU
		{BC4C94D5-CA7F-4651-B1B7-610AFA3FC505}.Debug|x86.ActiveCfg = Debug|Any CPU
		{BC4C94D5-CA7F-4651-B1B7-610AFA3FC505}.Debug|x86.Build.0 = Debug|Any CPU
		{BC4C94D5-CA7F-4651-B1B7-610AFA3FC505}.Release|Any CPU.ActiveCfg = Release|Any CPU
		{BC4C94D5-CA7F-4651-B1B7-610AFA3FC505}.Release|Any CPU.Build.0 = Release|Any CPU
		{BC4C94D5-CA7F-4651-B1B7-610AFA3FC505}.Release|x64.ActiveCfg = Release|Any CPU
		{BC4C94D5-CA7F-4651-B1B7-610AFA3FC505}.Release|x64.Build.0 = Release|Any CPU
		{BC4C94D5-CA7F-4651-B1B7-610AFA3FC505}.Release|x86.ActiveCfg = Release|Any CPU
		{BC4C94D5-CA7F-4651-B1B7-610AFA3FC505}.Release|x86.Build.0 = Release|Any CPU
		{610C27D5-2C30-4F4E-B36A-A04C6E451620}.Debug|Any CPU.ActiveCfg = Debug|Any CPU
		{610C27D5-2C30-4F4E-B36A-A04C6E451620}.Debug|Any CPU.Build.0 = Debug|Any CPU
		{610C27D5-2C30-4F4E-B36A-A04C6E451620}.Debug|x64.ActiveCfg = Debug|Any CPU
		{610C27D5-2C30-4F4E-B36A-A04C6E451620}.Debug|x64.Build.0 = Debug|Any CPU
		{610C27D5-2C30-4F4E-B36A-A04C6E451620}.Debug|x86.ActiveCfg = Debug|Any CPU
		{610C27D5-2C30-4F4E-B36A-A04C6E451620}.Debug|x86.Build.0 = Debug|Any CPU
		{610C27D5-2C30-4F4E-B36A-A04C6E451620}.Release|Any CPU.ActiveCfg = Release|Any CPU
		{610C27D5-2C30-4F4E-B36A-A04C6E451620}.Release|Any CPU.Build.0 = Release|Any CPU
		{610C27D5-2C30-4F4E-B36A-A04C6E451620}.Release|x64.ActiveCfg = Release|Any CPU
		{610C27D5-2C30-4F4E-B36A-A04C6E451620}.Release|x64.Build.0 = Release|Any CPU
		{610C27D5-2C30-4F4E-B36A-A04C6E451620}.Release|x86.ActiveCfg = Release|Any CPU
		{610C27D5-2C30-4F4E-B36A-A04C6E451620}.Release|x86.Build.0 = Release|Any CPU
	EndGlobalSection
	GlobalSection(NestedProjects) = preSolution
		{CAB41318-AD8F-4E9A-A5B2-4E8C630BFCEB} = {6C8190D1-1BC3-4441-B541-C197D0D3B516}
		{5ADCFDD1-C26B-43ED-B007-713FBAA5214D} = {6C8190D1-1BC3-4441-B541-C197D0D3B516}
		{2C34A5BD-C8DF-4ADF-95D8-914991172D53} = {C70CEA0E-2D7F-4417-BF13-A14111E0924C}
		{7971B452-5166-4DB1-AE0F-967C544986BA} = {2C34A5BD-C8DF-4ADF-95D8-914991172D53}
		{4F54B579-3B17-4A55-A051-45BC372C5613} = {2C34A5BD-C8DF-4ADF-95D8-914991172D53}
		{0A0DDF6B-B68A-4973-9BBC-0092D8A7F515} = {C70CEA0E-2D7F-4417-BF13-A14111E0924C}
		{8B953413-6361-408B-8299-30E0F2EE8F49} = {C70CEA0E-2D7F-4417-BF13-A14111E0924C}
		{8E3564D4-DB44-4EB4-AA94-DBB3B052BCB5} = {8B953413-6361-408B-8299-30E0F2EE8F49}
		{59A0CD5E-94D8-4F69-BAD8-7B3C282C5A68} = {C70CEA0E-2D7F-4417-BF13-A14111E0924C}
		{88586C10-07AC-46DE-A420-7E97ED394EC8} = {59A0CD5E-94D8-4F69-BAD8-7B3C282C5A68}
		{F6215284-353C-4D62-9A30-466B09132805} = {88586C10-07AC-46DE-A420-7E97ED394EC8}
		{96D49C4D-D450-4EC0-8C44-91A3183FFD11} = {88586C10-07AC-46DE-A420-7E97ED394EC8}
		{BC4C94D5-CA7F-4651-B1B7-610AFA3FC505} = {223AFB7C-CE24-4663-A58D-6D4F4AF43B6F}
		{FE961E98-8376-48AA-A8F2-B31FA9162DB4} = {C70CEA0E-2D7F-4417-BF13-A14111E0924C}
		{610C27D5-2C30-4F4E-B36A-A04C6E451620} = {FE961E98-8376-48AA-A8F2-B31FA9162DB4}
	EndGlobalSection
EndGlobal
